
Microsoft Visual Studio Solution File, Format Version 12.00
# Visual Studio Version 17
VisualStudioVersion = 17.0.31903.59
MinimumVisualStudioVersion = 10.0.40219.1
Project("{FAE04EC0-301F-11D3-BF4B-00C04F79EFBC}") = "ClockAPI", "ClockAPI\ClockAPI.csproj", "{C75EC099-FF53-42BB-AF0F-7D612B22072E}"
EndProject
Project("{FAE04EC0-301F-11D3-BF4B-00C04F79EFBC}") = "TeamAPI", "TeamAPI\TeamAPI.csproj", "{09684F70-AD83-4D22-860C-A6300A803241}"
EndProject
Project("{FAE04EC0-301F-11D3-BF4B-00C04F79EFBC}") = "ClockInOut.AppHost", "ClockInOut.AppHost\ClockInOut.AppHost.csproj", "{742DF5A3-3B8E-4E29-8DCB-BDB7F492498A}"
EndProject
Project("{FAE04EC0-301F-11D3-BF4B-00C04F79EFBC}") = "ClockInOut.ServiceDefaults", "ClockInOut.ServiceDefaults\ClockInOut.ServiceDefaults.csproj", "{FC4DEA63-7C7C-4777-A43E-5E48F9ABB98D}"
EndProject
Project("{FAE04EC0-301F-11D3-BF4B-00C04F79EFBC}") = "ClockAPI.MigrationService", "ClockAPI.MigrationService\ClockAPI.MigrationService.csproj", "{00C6E3AF-0351-471C-8401-0A81B139DE65}"
EndProject
Project("{2150E333-8FDC-42A3-9474-1A3956D46DE8}") = "ClockAPI", "ClockAPI", "{F22E0E16-3CDE-4DF9-B103-B8F71062C5FD}"
EndProject
Project("{2150E333-8FDC-42A3-9474-1A3956D46DE8}") = "TeamAPI", "TeamAPI", "{68E62E80-185E-4ABE-8A4C-9F90DC897031}"
EndProject
Project("{FAE04EC0-301F-11D3-BF4B-00C04F79EFBC}") = "TeamAPI.MigrationService", "TeamAPI.MigrationService\TeamAPI.MigrationService.csproj", "{0F0B8E63-B4D9-463A-92B0-3F135B74C932}"
EndProject
Project("{2150E333-8FDC-42A3-9474-1A3956D46DE8}") = "Aspire", "Aspire", "{D3E12B9D-E6D4-4889-B77E-9B207C589780}"
EndProject
Global
	GlobalSection(SolutionConfigurationPlatforms) = preSolution
		Debug|Any CPU = Debug|Any CPU
		Release|Any CPU = Release|Any CPU
	EndGlobalSection
	GlobalSection(SolutionProperties) = preSolution
		HideSolutionNode = FALSE
	EndGlobalSection
	GlobalSection(ProjectConfigurationPlatforms) = postSolution
		{C75EC099-FF53-42BB-AF0F-7D612B22072E}.Debug|Any CPU.ActiveCfg = Debug|Any CPU
		{C75EC099-FF53-42BB-AF0F-7D612B22072E}.Debug|Any CPU.Build.0 = Debug|Any CPU
		{C75EC099-FF53-42BB-AF0F-7D612B22072E}.Release|Any CPU.ActiveCfg = Release|Any CPU
		{C75EC099-FF53-42BB-AF0F-7D612B22072E}.Release|Any CPU.Build.0 = Release|Any CPU
		{09684F70-AD83-4D22-860C-A6300A803241}.Debug|Any CPU.ActiveCfg = Debug|Any CPU
		{09684F70-AD83-4D22-860C-A6300A803241}.Debug|Any CPU.Build.0 = Debug|Any CPU
		{09684F70-AD83-4D22-860C-A6300A803241}.Release|Any CPU.ActiveCfg = Release|Any CPU
		{09684F70-AD83-4D22-860C-A6300A803241}.Release|Any CPU.Build.0 = Release|Any CPU
		{742DF5A3-3B8E-4E29-8DCB-BDB7F492498A}.Debug|Any CPU.ActiveCfg = Debug|Any CPU
		{742DF5A3-3B8E-4E29-8DCB-BDB7F492498A}.Debug|Any CPU.Build.0 = Debug|Any CPU
		{742DF5A3-3B8E-4E29-8DCB-BDB7F492498A}.Release|Any CPU.ActiveCfg = Release|Any CPU
		{742DF5A3-3B8E-4E29-8DCB-BDB7F492498A}.Release|Any CPU.Build.0 = Release|Any CPU
		{FC4DEA63-7C7C-4777-A43E-5E48F9ABB98D}.Debug|Any CPU.ActiveCfg = Debug|Any CPU
		{FC4DEA63-7C7C-4777-A43E-5E48F9ABB98D}.Debug|Any CPU.Build.0 = Debug|Any CPU
		{FC4DEA63-7C7C-4777-A43E-5E48F9ABB98D}.Release|Any CPU.ActiveCfg = Release|Any CPU
		{FC4DEA63-7C7C-4777-A43E-5E48F9ABB98D}.Release|Any CPU.Build.0 = Release|Any CPU
		{00C6E3AF-0351-471C-8401-0A81B139DE65}.Debug|Any CPU.ActiveCfg = Debug|Any CPU
		{00C6E3AF-0351-471C-8401-0A81B139DE65}.Debug|Any CPU.Build.0 = Debug|Any CPU
		{00C6E3AF-0351-471C-8401-0A81B139DE65}.Release|Any CPU.ActiveCfg = Release|Any CPU
		{00C6E3AF-0351-471C-8401-0A81B139DE65}.Release|Any CPU.Build.0 = Release|Any CPU
		{0F0B8E63-B4D9-463A-92B0-3F135B74C932}.Debug|Any CPU.ActiveCfg = Debug|Any CPU
		{0F0B8E63-B4D9-463A-92B0-3F135B74C932}.Debug|Any CPU.Build.0 = Debug|Any CPU
		{0F0B8E63-B4D9-463A-92B0-3F135B74C932}.Release|Any CPU.ActiveCfg = Release|Any CPU
		{0F0B8E63-B4D9-463A-92B0-3F135B74C932}.Release|Any CPU.Build.0 = Release|Any CPU
	EndGlobalSection
	GlobalSection(NestedProjects) = preSolution
		{C75EC099-FF53-42BB-AF0F-7D612B22072E} = {F22E0E16-3CDE-4DF9-B103-B8F71062C5FD}
		{00C6E3AF-0351-471C-8401-0A81B139DE65} = {F22E0E16-3CDE-4DF9-B103-B8F71062C5FD}
		{09684F70-AD83-4D22-860C-A6300A803241} = {68E62E80-185E-4ABE-8A4C-9F90DC897031}
		{0F0B8E63-B4D9-463A-92B0-3F135B74C932} = {68E62E80-185E-4ABE-8A4C-9F90DC897031}
		{742DF5A3-3B8E-4E29-8DCB-BDB7F492498A} = {D3E12B9D-E6D4-4889-B77E-9B207C589780}
		{FC4DEA63-7C7C-4777-A43E-5E48F9ABB98D} = {D3E12B9D-E6D4-4889-B77E-9B207C589780}
	EndGlobalSection
EndGlobal
