
Microsoft Visual Studio Solution File, Format Version 12.00
# Visual Studio Version 17
VisualStudioVersion = 17.0.31903.59
MinimumVisualStudioVersion = 10.0.40219.1
Project("{FAE04EC0-301F-11D3-BF4B-00C04F79EFBC}") = "UserAPI", "UserAPI\UserAPI.csproj", "{DF703A0E-8E25-4CE6-98A5-76B1E352512E}"
EndProject
Project("{FAE04EC0-301F-11D3-BF4B-00C04F79EFBC}") = "ClockAPI", "ClockAPI\ClockAPI.csproj", "{C75EC099-FF53-42BB-AF0F-7D612B22072E}"
EndProject
Project("{FAE04EC0-301F-11D3-BF4B-00C04F79EFBC}") = "TeamAPI", "TeamAPI\TeamAPI.csproj", "{09684F70-AD83-4D22-860C-A6300A803241}"
EndProject
Project("{FAE04EC0-301F-11D3-BF4B-00C04F79EFBC}") = "ClockInOut.AppHost", "ClockInOut.AppHost\ClockInOut.AppHost.csproj", "{742DF5A3-3B8E-4E29-8DCB-BDB7F492498A}"
EndProject
Project("{FAE04EC0-301F-11D3-BF4B-00C04F79EFBC}") = "ClockInOut.ServiceDefaults", "ClockInOut.ServiceDefaults\ClockInOut.ServiceDefaults.csproj", "{FC4DEA63-7C7C-4777-A43E-5E48F9ABB98D}"
EndProject
Project("{FAE04EC0-301F-11D3-BF4B-00C04F79EFBC}") = "ClockAPI.MigrationService", "ClockAPI.MigrationService\ClockAPI.MigrationService.csproj", "{00C6E3AF-0351-471C-8401-0A81B139DE65}"
EndProject
Project("{2150E333-8FDC-42A3-9474-1A3956D46DE8}") = "ClockAPI", "ClockAPI", "{F22E0E16-3CDE-4DF9-B103-B8F71062C5FD}"
EndProject
Project("{2150E333-8FDC-42A3-9474-1A3956D46DE8}") = "TeamAPI", "TeamAPI", "{68E62E80-185E-4ABE-8A4C-9F90DC897031}"
EndProject
Project("{FAE04EC0-301F-11D3-BF4B-00C04F79EFBC}") = "TeamAPI.MigrationService", "TeamAPI.MigrationService\TeamAPI.MigrationService.csproj", "{0F0B8E63-B4D9-463A-92B0-3F135B74C932}"
EndProject
Project("{2150E333-8FDC-42A3-9474-1A3956D46DE8}") = "UserAPI", "UserAPI", "{E0F8911B-ED76-4E18-93BC-5AA45C364853}"
EndProject
Project("{FAE04EC0-301F-11D3-BF4B-00C04F79EFBC}") = "UserAPI.MigrationService", "UserAPI.MigrationService\UserAPI.MigrationService.csproj", "{3D61435B-8585-40B8-8A44-C805796AC354}"
EndProject
Project("{FAE04EC0-301F-11D3-BF4B-00C04F79EFBC}") = "ClockInOutApp", "ClockInOutApp\ClockInOutApp.csproj", "{3A233F9F-48C8-436C-BCD2-501E74084488}"
EndProject
Global
	GlobalSection(SolutionConfigurationPlatforms) = preSolution
		Debug|Any CPU = Debug|Any CPU
		Release|Any CPU = Release|Any CPU
	EndGlobalSection
	GlobalSection(SolutionProperties) = preSolution
		HideSolutionNode = FALSE
	EndGlobalSection
	GlobalSection(ProjectConfigurationPlatforms) = postSolution
		{DF703A0E-8E25-4CE6-98A5-76B1E352512E}.Debug|Any CPU.ActiveCfg = Debug|Any CPU
		{DF703A0E-8E25-4CE6-98A5-76B1E352512E}.Debug|Any CPU.Build.0 = Debug|Any CPU
		{DF703A0E-8E25-4CE6-98A5-76B1E352512E}.Release|Any CPU.ActiveCfg = Release|Any CPU
		{DF703A0E-8E25-4CE6-98A5-76B1E352512E}.Release|Any CPU.Build.0 = Release|Any CPU
		{C75EC099-FF53-42BB-AF0F-7D612B22072E}.Debug|Any CPU.ActiveCfg = Debug|Any CPU
		{C75EC099-FF53-42BB-AF0F-7D612B22072E}.Debug|Any CPU.Build.0 = Debug|Any CPU
		{C75EC099-FF53-42BB-AF0F-7D612B22072E}.Release|Any CPU.ActiveCfg = Release|Any CPU
		{C75EC099-FF53-42BB-AF0F-7D612B22072E}.Release|Any CPU.Build.0 = Release|Any CPU
		{09684F70-AD83-4D22-860C-A6300A803241}.Debug|Any CPU.ActiveCfg = Debug|Any CPU
		{09684F70-AD83-4D22-860C-A6300A803241}.Debug|Any CPU.Build.0 = Debug|Any CPU
		{09684F70-AD83-4D22-860C-A6300A803241}.Release|Any CPU.ActiveCfg = Release|Any CPU
		{09684F70-AD83-4D22-860C-A6300A803241}.Release|Any CPU.Build.0 = Release|Any CPU
		{742DF5A3-3B8E-4E29-8DCB-BDB7F492498A}.Debug|Any CPU.ActiveCfg = Debug|Any CPU
		{742DF5A3-3B8E-4E29-8DCB-BDB7F492498A}.Debug|Any CPU.Build.0 = Debug|Any CPU
		{742DF5A3-3B8E-4E29-8DCB-BDB7F492498A}.Release|Any CPU.ActiveCfg = Release|Any CPU
		{742DF5A3-3B8E-4E29-8DCB-BDB7F492498A}.Release|Any CPU.Build.0 = Release|Any CPU
		{FC4DEA63-7C7C-4777-A43E-5E48F9ABB98D}.Debug|Any CPU.ActiveCfg = Debug|Any CPU
		{FC4DEA63-7C7C-4777-A43E-5E48F9ABB98D}.Debug|Any CPU.Build.0 = Debug|Any CPU
		{FC4DEA63-7C7C-4777-A43E-5E48F9ABB98D}.Release|Any CPU.ActiveCfg = Release|Any CPU
		{FC4DEA63-7C7C-4777-A43E-5E48F9ABB98D}.Release|Any CPU.Build.0 = Release|Any CPU
		{00C6E3AF-0351-471C-8401-0A81B139DE65}.Debug|Any CPU.ActiveCfg = Debug|Any CPU
		{00C6E3AF-0351-471C-8401-0A81B139DE65}.Debug|Any CPU.Build.0 = Debug|Any CPU
		{00C6E3AF-0351-471C-8401-0A81B139DE65}.Release|Any CPU.ActiveCfg = Release|Any CPU
		{00C6E3AF-0351-471C-8401-0A81B139DE65}.Release|Any CPU.Build.0 = Release|Any CPU
		{0F0B8E63-B4D9-463A-92B0-3F135B74C932}.Debug|Any CPU.ActiveCfg = Debug|Any CPU
		{0F0B8E63-B4D9-463A-92B0-3F135B74C932}.Debug|Any CPU.Build.0 = Debug|Any CPU
		{0F0B8E63-B4D9-463A-92B0-3F135B74C932}.Release|Any CPU.ActiveCfg = Release|Any CPU
		{0F0B8E63-B4D9-463A-92B0-3F135B74C932}.Release|Any CPU.Build.0 = Release|Any CPU
		{3D61435B-8585-40B8-8A44-C805796AC354}.Debug|Any CPU.ActiveCfg = Debug|Any CPU
		{3D61435B-8585-40B8-8A44-C805796AC354}.Debug|Any CPU.Build.0 = Debug|Any CPU
		{3D61435B-8585-40B8-8A44-C805796AC354}.Release|Any CPU.ActiveCfg = Release|Any CPU
		{3D61435B-8585-40B8-8A44-C805796AC354}.Release|Any CPU.Build.0 = Release|Any CPU
		{3A233F9F-48C8-436C-BCD2-501E74084488}.Debug|Any CPU.ActiveCfg = Debug|Any CPU
		{3A233F9F-48C8-436C-BCD2-501E74084488}.Debug|Any CPU.Build.0 = Debug|Any CPU
		{3A233F9F-48C8-436C-BCD2-501E74084488}.Release|Any CPU.ActiveCfg = Release|Any CPU
		{3A233F9F-48C8-436C-BCD2-501E74084488}.Release|Any CPU.Build.0 = Release|Any CPU
	EndGlobalSection
	GlobalSection(NestedProjects) = preSolution
		{C75EC099-FF53-42BB-AF0F-7D612B22072E} = {F22E0E16-3CDE-4DF9-B103-B8F71062C5FD}
		{00C6E3AF-0351-471C-8401-0A81B139DE65} = {F22E0E16-3CDE-4DF9-B103-B8F71062C5FD}
		{09684F70-AD83-4D22-860C-A6300A803241} = {68E62E80-185E-4ABE-8A4C-9F90DC897031}
		{0F0B8E63-B4D9-463A-92B0-3F135B74C932} = {68E62E80-185E-4ABE-8A4C-9F90DC897031}
		{DF703A0E-8E25-4CE6-98A5-76B1E352512E} = {E0F8911B-ED76-4E18-93BC-5AA45C364853}
		{3D61435B-8585-40B8-8A44-C805796AC354} = {E0F8911B-ED76-4E18-93BC-5AA45C364853}
	EndGlobalSection
EndGlobal
